
Microsoft Visual Studio Solution File, Format Version 12.00
# Visual Studio Version 17
VisualStudioVersion = 17.7.34221.43
MinimumVisualStudioVersion = 10.0.40219.1
Project("{D2ABAB84-BF74-430A-B69E-9DC6D40DDA17}") = "AppointifyWarehouse", "AppointifyWarehouse.dwproj", "{A7EDA7F0-D013-423C-9221-6644CB885A80}"
EndProject
Global
	GlobalSection(SolutionConfigurationPlatforms) = preSolution
		Development|Default = Development|Default
	EndGlobalSection
	GlobalSection(ProjectConfigurationPlatforms) = postSolution
		{A7EDA7F0-D013-423C-9221-6644CB885A80}.Development|Default.ActiveCfg = Development
		{A7EDA7F0-D013-423C-9221-6644CB885A80}.Development|Default.Build.0 = Development
		{A7EDA7F0-D013-423C-9221-6644CB885A80}.Development|Default.Deploy.0 = Development
	EndGlobalSection
	GlobalSection(SolutionProperties) = preSolution
		HideSolutionNode = FALSE
	EndGlobalSection
	GlobalSection(ExtensibilityGlobals) = postSolution
		SolutionGuid = {3109A14C-555D-463F-91C9-3AD4D929E722}
	EndGlobalSection
EndGlobal
